// !$*UTF8*$!
{
	archiveVersion = 1;
	classes = {
	};
	objectVersion = 56;
	objects = {

/* Begin PBXBuildFile section */
		A0000001 /* ScrollsmithApp.swift in Sources */ = {isa = PBXBuildFile; fileRef = A0000011 /* ScrollsmithApp.swift */; };
		A0000002 /* ContentView.swift in Sources */ = {isa = PBXBuildFile; fileRef = A0000012 /* ContentView.swift */; };
		A0000003 /* Assets.xcassets in Resources */ = {isa = PBXBuildFile; fileRef = A0000013 /* Assets.xcassets */; };
		A0000004 /* User.swift in Sources */ = {isa = PBXBuildFile; fileRef = A0000014 /* User.swift */; };
		A0000005 /* Video.swift in Sources */ = {isa = PBXBuildFile; fileRef = A0000015 /* Video.swift */; };
		A000001A /* SummaryModels.swift in Sources */ = {isa = PBXBuildFile; fileRef = A000002A /* SummaryModels.swift */; };
		A0000006 /* Habit.swift in Sources */ = {isa = PBXBuildFile; fileRef = A0000016 /* Habit.swift */; };
		A0000007 /* Playbook.swift in Sources */ = {isa = PBXBuildFile; fileRef = A0000017 /* Playbook.swift */; };
		A0000008 /* APIClient.swift in Sources */ = {isa = PBXBuildFile; fileRef = A0000018 /* APIClient.swift */; };
		A0000009 /* HealthResponse.swift in Sources */ = {isa = PBXBuildFile; fileRef = A0000019 /* HealthResponse.swift */; };
		CE2D7A6A2F205D99004CCAEF /* MainInterface.storyboard in Resources */ = {isa = PBXBuildFile; fileRef = CE2D7A682F205D99004CCAEF /* MainInterface.storyboard */; };
		CE2D7A6E2F205D99004CCAEF /* ScrollsmithShare.appex in Embed Foundation Extensions */ = {isa = PBXBuildFile; fileRef = CE2D7A642F205D98004CCAEF /* ScrollsmithShare.appex */; settings = {ATTRIBUTES = (RemoveHeadersOnCopy, ); }; };
		CE2D7A772F20661A004CCAEF /* MovieTransferable.swift in Sources */ = {isa = PBXBuildFile; fileRef = CE2D7A742F20661A004CCAEF /* MovieTransferable.swift */; };
		CE2D7A782F20661A004CCAEF /* PendingUpload.swift in Sources */ = {isa = PBXBuildFile; fileRef = CE2D7A752F20661A004CCAEF /* PendingUpload.swift */; };
		CE2D7A792F20661A004CCAEF /* VideoSource.swift in Sources */ = {isa = PBXBuildFile; fileRef = CE2D7A762F20661A004CCAEF /* VideoSource.swift */; };
		CE2D7A7F2F206664004CCAEF /* VideoFileManager.swift in Sources */ = {isa = PBXBuildFile; fileRef = CE2D7A7A2F206663004CCAEF /* VideoFileManager.swift */; };
		CE2D7A802F206664004CCAEF /* ThumbnailService.swift in Sources */ = {isa = PBXBuildFile; fileRef = CE2D7A7B2F206663004CCAEF /* ThumbnailService.swift */; };
		CE2D7A812F206664004CCAEF /* UploadQueueService.swift in Sources */ = {isa = PBXBuildFile; fileRef = CE2D7A7C2F206663004CCAEF /* UploadQueueService.swift */; };
		CE2D7A822F206664004CCAEF /* SharedModelContainer.swift in Sources */ = {isa = PBXBuildFile; fileRef = CE2D7A7D2F206664004CCAEF /* SharedModelContainer.swift */; };
		CE2D7A832F206664004CCAEF /* VideoURLValidator.swift in Sources */ = {isa = PBXBuildFile; fileRef = CE2D7A7E2F206664004CCAEF /* VideoURLValidator.swift */; };
		CE2D7A862F206A9B004CCAEF /* UserResponse.swift in Sources */ = {isa = PBXBuildFile; fileRef = CE2D7A842F206A9A004CCAEF /* UserResponse.swift */; };
		CE2D7A872F206A9B004CCAEF /* AuthTokens.swift in Sources */ = {isa = PBXBuildFile; fileRef = CE2D7A852F206A9A004CCAEF /* AuthTokens.swift */; };
		CE2D7A8B2F206ABD004CCAEF /* AppleSignInService.swift in Sources */ = {isa = PBXBuildFile; fileRef = CE2D7A882F206ABD004CCAEF /* AppleSignInService.swift */; };
		CE2D7A8C2F206ABD004CCAEF /* AuthService.swift in Sources */ = {isa = PBXBuildFile; fileRef = CE2D7A892F206ABD004CCAEF /* AuthService.swift */; };
		CE2D7A8D2F206ABD004CCAEF /* KeychainService.swift in Sources */ = {isa = PBXBuildFile; fileRef = CE2D7A8A2F206ABD004CCAEF /* KeychainService.swift */; };
		CE2D7A912F206B44004CCAEF /* ShareExtensionView.swift in Sources */ = {isa = PBXBuildFile; fileRef = CE2D7A902F206B44004CCAEF /* ShareExtensionView.swift */; };
		CE2D7A922F206B71004CCAEF /* ShareExtensionView.swift in Sources */ = {isa = PBXBuildFile; fileRef = CE2D7A902F206B44004CCAEF /* ShareExtensionView.swift */; };
		CE2D7AB12F206FCB004CCAEF /* AuthViewModel.swift in Sources */ = {isa = PBXBuildFile; fileRef = CE2D7AA12F206FCB004CCAEF /* AuthViewModel.swift */; };
		CE2D7AB22F206FCB004CCAEF /* MainTabView.swift in Sources */ = {isa = PBXBuildFile; fileRef = CE2D7AA32F206FCB004CCAEF /* MainTabView.swift */; };
		CE2D7AB32F206FCB004CCAEF /* URLInputView.swift in Sources */ = {isa = PBXBuildFile; fileRef = CE2D7AA52F206FCB004CCAEF /* URLInputView.swift */; };
		CE2D7AB42F206FCB004CCAEF /* VideoConfirmationSheet.swift in Sources */ = {isa = PBXBuildFile; fileRef = CE2D7AA62F206FCB004CCAEF /* VideoConfirmationSheet.swift */; };
		CE2D7AB52F206FCB004CCAEF /* VideoPreviewCard.swift in Sources */ = {isa = PBXBuildFile; fileRef = CE2D7AA72F206FCB004CCAEF /* VideoPreviewCard.swift */; };
		CE2D7AB62F206FCB004CCAEF /* UploadProgressView.swift in Sources */ = {isa = PBXBuildFile; fileRef = CE2D7AA82F206FCB004CCAEF /* UploadProgressView.swift */; };
		CE2D7AB72F206FCB004CCAEF /* VideoPickerView.swift in Sources */ = {isa = PBXBuildFile; fileRef = CE2D7AA92F206FCB004CCAEF /* VideoPickerView.swift */; };
		CE2D7AB82F206FCB004CCAEF /* CaptureView.swift in Sources */ = {isa = PBXBuildFile; fileRef = CE2D7AAA2F206FCB004CCAEF /* CaptureView.swift */; };
		CE2D7AB92F206FCB004CCAEF /* AuthContainerView.swift in Sources */ = {isa = PBXBuildFile; fileRef = CE2D7AAC2F206FCB004CCAEF /* AuthContainerView.swift */; };
		CE2D7ABA2F206FCB004CCAEF /* LoginView.swift in Sources */ = {isa = PBXBuildFile; fileRef = CE2D7AAD2F206FCB004CCAEF /* LoginView.swift */; };
		CE2D7ABB2F206FCB004CCAEF /* AppleSignInButton.swift in Sources */ = {isa = PBXBuildFile; fileRef = CE2D7AAE2F206FCB004CCAEF /* AppleSignInButton.swift */; };
		CE2D7ABC2F206FCB004CCAEF /* ForgotPasswordView.swift in Sources */ = {isa = PBXBuildFile; fileRef = CE2D7AAF2F206FCB004CCAEF /* ForgotPasswordView.swift */; };
		CE2D7ABD2F206FCB004CCAEF /* RegisterView.swift in Sources */ = {isa = PBXBuildFile; fileRef = CE2D7AB02F206FCB004CCAEF /* RegisterView.swift */; };
		CE2D7ABF2F2072D4004CCAEF /* ShareViewController.swift in Sources */ = {isa = PBXBuildFile; fileRef = CE2D7ABE2F2072D4004CCAEF /* ShareViewController.swift */; };
		CE2D7AC02F2073A3004CCAEF /* VideoURLValidator.swift in Sources */ = {isa = PBXBuildFile; fileRef = CE2D7A7E2F206664004CCAEF /* VideoURLValidator.swift */; };
		CE2D7AC12F2073B1004CCAEF /* SharedModelContainer.swift in Sources */ = {isa = PBXBuildFile; fileRef = CE2D7A7D2F206664004CCAEF /* SharedModelContainer.swift */; };
		CE2D7AC22F2073C2004CCAEF /* VideoSource.swift in Sources */ = {isa = PBXBuildFile; fileRef = CE2D7A762F20661A004CCAEF /* VideoSource.swift */; };
		CE2D7AC32F2073C7004CCAEF /* PendingUpload.swift in Sources */ = {isa = PBXBuildFile; fileRef = CE2D7A752F20661A004CCAEF /* PendingUpload.swift */; };
/* End PBXBuildFile section */

/* Begin PBXContainerItemProxy section */
		CE2D7A6C2F205D99004CCAEF /* PBXContainerItemProxy */ = {
			isa = PBXContainerItemProxy;
			containerPortal = A0000050 /* Project object */;
			proxyType = 1;
			remoteGlobalIDString = CE2D7A632F205D97004CCAEF;
			remoteInfo = ScrollsmithShare;
		};
/* End PBXContainerItemProxy section */

/* Begin PBXCopyFilesBuildPhase section */
		CE2D7A722F205D99004CCAEF /* Embed Foundation Extensions */ = {
			isa = PBXCopyFilesBuildPhase;
			buildActionMask = 2147483647;
			dstPath = "";
			dstSubfolderSpec = 13;
			files = (
				CE2D7A6E2F205D99004CCAEF /* ScrollsmithShare.appex in Embed Foundation Extensions */,
			);
			name = "Embed Foundation Extensions";
			runOnlyForDeploymentPostprocessing = 0;
		};
/* End PBXCopyFilesBuildPhase section */

/* Begin PBXFileReference section */
		A0000010 /* Scrollsmith.app */ = {isa = PBXFileReference; explicitFileType = wrapper.application; includeInIndex = 0; path = Scrollsmith.app; sourceTree = BUILT_PRODUCTS_DIR; };
		A0000011 /* ScrollsmithApp.swift */ = {isa = PBXFileReference; lastKnownFileType = sourcecode.swift; path = ScrollsmithApp.swift; sourceTree = "<group>"; };
		A0000012 /* ContentView.swift */ = {isa = PBXFileReference; lastKnownFileType = sourcecode.swift; path = ContentView.swift; sourceTree = "<group>"; };
		A0000013 /* Assets.xcassets */ = {isa = PBXFileReference; lastKnownFileType = folder.assetcatalog; path = Assets.xcassets; sourceTree = "<group>"; };
		A0000014 /* User.swift */ = {isa = PBXFileReference; lastKnownFileType = sourcecode.swift; path = User.swift; sourceTree = "<group>"; };
		A0000015 /* Video.swift */ = {isa = PBXFileReference; lastKnownFileType = sourcecode.swift; path = Video.swift; sourceTree = "<group>"; };
		A0000016 /* Habit.swift */ = {isa = PBXFileReference; lastKnownFileType = sourcecode.swift; path = Habit.swift; sourceTree = "<group>"; };
		A0000017 /* Playbook.swift */ = {isa = PBXFileReference; lastKnownFileType = sourcecode.swift; path = Playbook.swift; sourceTree = "<group>"; };
		A0000018 /* APIClient.swift */ = {isa = PBXFileReference; lastKnownFileType = sourcecode.swift; path = APIClient.swift; sourceTree = "<group>"; };
		A0000019 /* HealthResponse.swift */ = {isa = PBXFileReference; lastKnownFileType = sourcecode.swift; path = HealthResponse.swift; sourceTree = "<group>"; };
		A000002A /* SummaryModels.swift */ = {isa = PBXFileReference; lastKnownFileType = sourcecode.swift; path = SummaryModels.swift; sourceTree = "<group>"; };
		CE2D7A5F2F20100A004CCAEF /* Scrollsmith.entitlements */ = {isa = PBXFileReference; lastKnownFileType = text.plist.entitlements; path = Scrollsmith.entitlements; sourceTree = "<group>"; };
		CE2D7A642F205D98004CCAEF /* ScrollsmithShare.appex */ = {isa = PBXFileReference; explicitFileType = "wrapper.app-extension"; includeInIndex = 0; path = ScrollsmithShare.appex; sourceTree = BUILT_PRODUCTS_DIR; };
		CE2D7A692F205D99004CCAEF /* Base */ = {isa = PBXFileReference; lastKnownFileType = file.storyboard; name = Base; path = Base.lproj/MainInterface.storyboard; sourceTree = "<group>"; };
		CE2D7A6B2F205D99004CCAEF /* Info.plist */ = {isa = PBXFileReference; lastKnownFileType = text.plist.xml; path = Info.plist; sourceTree = "<group>"; };
		CE2D7A732F205E0F004CCAEF /* ScrollsmithShare.entitlements */ = {isa = PBXFileReference; lastKnownFileType = text.plist.entitlements; path = ScrollsmithShare.entitlements; sourceTree = "<group>"; };
		CE2D7A742F20661A004CCAEF /* MovieTransferable.swift */ = {isa = PBXFileReference; fileEncoding = 4; lastKnownFileType = sourcecode.swift; path = MovieTransferable.swift; sourceTree = "<group>"; };
		CE2D7A752F20661A004CCAEF /* PendingUpload.swift */ = {isa = PBXFileReference; fileEncoding = 4; lastKnownFileType = sourcecode.swift; path = PendingUpload.swift; sourceTree = "<group>"; };
		CE2D7A762F20661A004CCAEF /* VideoSource.swift */ = {isa = PBXFileReference; fileEncoding = 4; lastKnownFileType = sourcecode.swift; path = VideoSource.swift; sourceTree = "<group>"; };
		CE2D7A7A2F206663004CCAEF /* VideoFileManager.swift */ = {isa = PBXFileReference; fileEncoding = 4; lastKnownFileType = sourcecode.swift; path = VideoFileManager.swift; sourceTree = "<group>"; };
		CE2D7A7B2F206663004CCAEF /* ThumbnailService.swift */ = {isa = PBXFileReference; fileEncoding = 4; lastKnownFileType = sourcecode.swift; path = ThumbnailService.swift; sourceTree = "<group>"; };
		CE2D7A7C2F206663004CCAEF /* UploadQueueService.swift */ = {isa = PBXFileReference; fileEncoding = 4; lastKnownFileType = sourcecode.swift; path = UploadQueueService.swift; sourceTree = "<group>"; };
		CE2D7A7D2F206664004CCAEF /* SharedModelContainer.swift */ = {isa = PBXFileReference; fileEncoding = 4; lastKnownFileType = sourcecode.swift; path = SharedModelContainer.swift; sourceTree = "<group>"; };
		CE2D7A7E2F206664004CCAEF /* VideoURLValidator.swift */ = {isa = PBXFileReference; fileEncoding = 4; lastKnownFileType = sourcecode.swift; path = VideoURLValidator.swift; sourceTree = "<group>"; };
		CE2D7A842F206A9A004CCAEF /* UserResponse.swift */ = {isa = PBXFileReference; fileEncoding = 4; lastKnownFileType = sourcecode.swift; path = UserResponse.swift; sourceTree = "<group>"; };
		CE2D7A852F206A9A004CCAEF /* AuthTokens.swift */ = {isa = PBXFileReference; fileEncoding = 4; lastKnownFileType = sourcecode.swift; path = AuthTokens.swift; sourceTree = "<group>"; };
		CE2D7A882F206ABD004CCAEF /* AppleSignInService.swift */ = {isa = PBXFileReference; fileEncoding = 4; lastKnownFileType = sourcecode.swift; path = AppleSignInService.swift; sourceTree = "<group>"; };
		CE2D7A892F206ABD004CCAEF /* AuthService.swift */ = {isa = PBXFileReference; fileEncoding = 4; lastKnownFileType = sourcecode.swift; path = AuthService.swift; sourceTree = "<group>"; };
		CE2D7A8A2F206ABD004CCAEF /* KeychainService.swift */ = {isa = PBXFileReference; fileEncoding = 4; lastKnownFileType = sourcecode.swift; path = KeychainService.swift; sourceTree = "<group>"; };
		CE2D7A902F206B44004CCAEF /* ShareExtensionView.swift */ = {isa = PBXFileReference; fileEncoding = 4; lastKnownFileType = sourcecode.swift; name = ShareExtensionView.swift; path = ScrollsmithShare/ShareExtensionView.swift; sourceTree = SOURCE_ROOT; };
		CE2D7AA12F206FCB004CCAEF /* AuthViewModel.swift */ = {isa = PBXFileReference; fileEncoding = 4; lastKnownFileType = sourcecode.swift; path = AuthViewModel.swift; sourceTree = "<group>"; };
		CE2D7AA32F206FCB004CCAEF /* MainTabView.swift */ = {isa = PBXFileReference; fileEncoding = 4; lastKnownFileType = sourcecode.swift; path = MainTabView.swift; sourceTree = "<group>"; };
		CE2D7AA52F206FCB004CCAEF /* URLInputView.swift */ = {isa = PBXFileReference; fileEncoding = 4; lastKnownFileType = sourcecode.swift; path = URLInputView.swift; sourceTree = "<group>"; };
		CE2D7AA62F206FCB004CCAEF /* VideoConfirmationSheet.swift */ = {isa = PBXFileReference; fileEncoding = 4; lastKnownFileType = sourcecode.swift; path = VideoConfirmationSheet.swift; sourceTree = "<group>"; };
		CE2D7AA72F206FCB004CCAEF /* VideoPreviewCard.swift */ = {isa = PBXFileReference; fileEncoding = 4; lastKnownFileType = sourcecode.swift; path = VideoPreviewCard.swift; sourceTree = "<group>"; };
		CE2D7AA82F206FCB004CCAEF /* UploadProgressView.swift */ = {isa = PBXFileReference; fileEncoding = 4; lastKnownFileType = sourcecode.swift; path = UploadProgressView.swift; sourceTree = "<group>"; };
		CE2D7AA92F206FCB004CCAEF /* VideoPickerView.swift */ = {isa = PBXFileReference; fileEncoding = 4; lastKnownFileType = sourcecode.swift; path = VideoPickerView.swift; sourceTree = "<group>"; };
		CE2D7AAA2F206FCB004CCAEF /* CaptureView.swift */ = {isa = PBXFileReference; fileEncoding = 4; lastKnownFileType = sourcecode.swift; path = CaptureView.swift; sourceTree = "<group>"; };
		CE2D7AAC2F206FCB004CCAEF /* AuthContainerView.swift */ = {isa = PBXFileReference; fileEncoding = 4; lastKnownFileType = sourcecode.swift; path = AuthContainerView.swift; sourceTree = "<group>"; };
		CE2D7AAD2F206FCB004CCAEF /* LoginView.swift */ = {isa = PBXFileReference; fileEncoding = 4; lastKnownFileType = sourcecode.swift; path = LoginView.swift; sourceTree = "<group>"; };
		CE2D7AAE2F206FCB004CCAEF /* AppleSignInButton.swift */ = {isa = PBXFileReference; fileEncoding = 4; lastKnownFileType = sourcecode.swift; path = AppleSignInButton.swift; sourceTree = "<group>"; };
		CE2D7AAF2F206FCB004CCAEF /* ForgotPasswordView.swift */ = {isa = PBXFileReference; fileEncoding = 4; lastKnownFileType = sourcecode.swift; path = ForgotPasswordView.swift; sourceTree = "<group>"; };
		CE2D7AB02F206FCB004CCAEF /* RegisterView.swift */ = {isa = PBXFileReference; fileEncoding = 4; lastKnownFileType = sourcecode.swift; path = RegisterView.swift; sourceTree = "<group>"; };
		CE2D7ABE2F2072D4004CCAEF /* ShareViewController.swift */ = {isa = PBXFileReference; fileEncoding = 4; lastKnownFileType = sourcecode.swift; path = ShareViewController.swift; sourceTree = "<group>"; };
/* End PBXFileReference section */

/* Begin PBXFrameworksBuildPhase section */
		A0000020 /* Frameworks */ = {
			isa = PBXFrameworksBuildPhase;
			buildActionMask = 2147483647;
			files = (
			);
			runOnlyForDeploymentPostprocessing = 0;
		};
		CE2D7A612F205D97004CCAEF /* Frameworks */ = {
			isa = PBXFrameworksBuildPhase;
			buildActionMask = 2147483647;
			files = (
			);
			runOnlyForDeploymentPostprocessing = 0;
		};
/* End PBXFrameworksBuildPhase section */

/* Begin PBXGroup section */
		A0000030 = {
			isa = PBXGroup;
			children = (
				A0000031 /* Scrollsmith */,
				CE2D7A652F205D98004CCAEF /* ScrollsmithShare */,
				A0000032 /* Products */,
			);
			sourceTree = "<group>";
		};
		A0000031 /* Scrollsmith */ = {
			isa = PBXGroup;
			children = (
				A0000070 /* Models */,
				A0000071 /* Services */,
				CE2D7AA22F206FCB004CCAEF /* Views */,
				CE2D7AA02F206FCB004CCAEF /* ViewModels */,
				CE2D7A5F2F20100A004CCAEF /* Scrollsmith.entitlements */,
				A0000011 /* ScrollsmithApp.swift */,
				A0000012 /* ContentView.swift */,
				A0000013 /* Assets.xcassets */,
			);
			path = Scrollsmith;
			sourceTree = "<group>";
		};
		A0000032 /* Products */ = {
			isa = PBXGroup;
			children = (
				A0000010 /* Scrollsmith.app */,
				CE2D7A642F205D98004CCAEF /* ScrollsmithShare.appex */,
			);
			name = Products;
			sourceTree = "<group>";
		};
		A0000070 /* Models */ = {
			isa = PBXGroup;
			children = (
				CE2D7A852F206A9A004CCAEF /* AuthTokens.swift */,
				CE2D7A842F206A9A004CCAEF /* UserResponse.swift */,
				CE2D7A742F20661A004CCAEF /* MovieTransferable.swift */,
				CE2D7A752F20661A004CCAEF /* PendingUpload.swift */,
				CE2D7A762F20661A004CCAEF /* VideoSource.swift */,
				A000002A /* SummaryModels.swift */,
				A0000014 /* User.swift */,
				A0000015 /* Video.swift */,
				A0000016 /* Habit.swift */,
				A0000017 /* Playbook.swift */,
			);
			path = Models;
			sourceTree = "<group>";
		};
		A0000071 /* Services */ = {
			isa = PBXGroup;
			children = (
				CE2D7A882F206ABD004CCAEF /* AppleSignInService.swift */,
				CE2D7A892F206ABD004CCAEF /* AuthService.swift */,
				CE2D7A8A2F206ABD004CCAEF /* KeychainService.swift */,
				CE2D7A7D2F206664004CCAEF /* SharedModelContainer.swift */,
				CE2D7A7B2F206663004CCAEF /* ThumbnailService.swift */,
				CE2D7A7C2F206663004CCAEF /* UploadQueueService.swift */,
				CE2D7A7A2F206663004CCAEF /* VideoFileManager.swift */,
				CE2D7A7E2F206664004CCAEF /* VideoURLValidator.swift */,
				A0000018 /* APIClient.swift */,
				A0000019 /* HealthResponse.swift */,
			);
			path = Services;
			sourceTree = "<group>";
		};
		CE2D7A652F205D98004CCAEF /* ScrollsmithShare */ = {
			isa = PBXGroup;
			children = (
				CE2D7ABE2F2072D4004CCAEF /* ShareViewController.swift */,
				CE2D7A732F205E0F004CCAEF /* ScrollsmithShare.entitlements */,
				CE2D7A902F206B44004CCAEF /* ShareExtensionView.swift */,
				CE2D7A682F205D99004CCAEF /* MainInterface.storyboard */,
				CE2D7A6B2F205D99004CCAEF /* Info.plist */,
			);
			path = ScrollsmithShare;
			sourceTree = "<group>";
		};
		CE2D7AA02F206FCB004CCAEF /* ViewModels */ = {
			isa = PBXGroup;
			children = (
				CE2D7AA12F206FCB004CCAEF /* AuthViewModel.swift */,
			);
			path = ViewModels;
			sourceTree = "<group>";
		};
		CE2D7AA22F206FCB004CCAEF /* Views */ = {
			isa = PBXGroup;
			children = (
				CE2D7AA32F206FCB004CCAEF /* MainTabView.swift */,
				CE2D7AA42F206FCB004CCAEF /* Capture */,
				CE2D7AAB2F206FCB004CCAEF /* Auth */,
			);
			path = Views;
			sourceTree = "<group>";
		};
		CE2D7AA42F206FCB004CCAEF /* Capture */ = {
			isa = PBXGroup;
			children = (
				CE2D7AA52F206FCB004CCAEF /* URLInputView.swift */,
				CE2D7AA62F206FCB004CCAEF /* VideoConfirmationSheet.swift */,
				CE2D7AA72F206FCB004CCAEF /* VideoPreviewCard.swift */,
				CE2D7AA82F206FCB004CCAEF /* UploadProgressView.swift */,
				CE2D7AA92F206FCB004CCAEF /* VideoPickerView.swift */,
				CE2D7AAA2F206FCB004CCAEF /* CaptureView.swift */,
			);
			path = Capture;
			sourceTree = "<group>";
		};
		CE2D7AAB2F206FCB004CCAEF /* Auth */ = {
			isa = PBXGroup;
			children = (
				CE2D7AAC2F206FCB004CCAEF /* AuthContainerView.swift */,
				CE2D7AAD2F206FCB004CCAEF /* LoginView.swift */,
				CE2D7AAE2F206FCB004CCAEF /* AppleSignInButton.swift */,
				CE2D7AAF2F206FCB004CCAEF /* ForgotPasswordView.swift */,
				CE2D7AB02F206FCB004CCAEF /* RegisterView.swift */,
			);
			path = Auth;
			sourceTree = "<group>";
		};
/* End PBXGroup section */

/* Begin PBXNativeTarget section */
		A0000040 /* Scrollsmith */ = {
			isa = PBXNativeTarget;
			buildConfigurationList = A0000041 /* Build configuration list for PBXNativeTarget "Scrollsmith" */;
			buildPhases = (
				A0000042 /* Sources */,
				A0000020 /* Frameworks */,
				A0000043 /* Resources */,
				CE2D7A722F205D99004CCAEF /* Embed Foundation Extensions */,
			);
			buildRules = (
			);
			dependencies = (
				CE2D7A6D2F205D99004CCAEF /* PBXTargetDependency */,
			);
			name = Scrollsmith;
			productName = Scrollsmith;
			productReference = A0000010 /* Scrollsmith.app */;
			productType = "com.apple.product-type.application";
		};
		CE2D7A632F205D97004CCAEF /* ScrollsmithShare */ = {
			isa = PBXNativeTarget;
			buildConfigurationList = CE2D7A6F2F205D99004CCAEF /* Build configuration list for PBXNativeTarget "ScrollsmithShare" */;
			buildPhases = (
				CE2D7A602F205D97004CCAEF /* Sources */,
				CE2D7A612F205D97004CCAEF /* Frameworks */,
				CE2D7A622F205D97004CCAEF /* Resources */,
			);
			buildRules = (
			);
			dependencies = (
			);
			name = ScrollsmithShare;
			productName = ScrollsmithShare;
			productReference = CE2D7A642F205D98004CCAEF /* ScrollsmithShare.appex */;
			productType = "com.apple.product-type.app-extension";
		};
/* End PBXNativeTarget section */

/* Begin PBXProject section */
		A0000050 /* Project object */ = {
			isa = PBXProject;
			attributes = {
				BuildIndependentTargetsInParallel = 1;
				LastSwiftUpdateCheck = 1520;
				LastUpgradeCheck = 1500;
				TargetAttributes = {
					A0000040 = {
						CreatedOnToolsVersion = 15.0;
					};
					CE2D7A632F205D97004CCAEF = {
						CreatedOnToolsVersion = 15.2;
					};
				};
			};
			buildConfigurationList = A0000051 /* Build configuration list for PBXProject "Scrollsmith" */;
			compatibilityVersion = "Xcode 14.0";
			developmentRegion = en;
			hasScannedForEncodings = 0;
			knownRegions = (
				en,
				Base,
			);
			mainGroup = A0000030;
			productRefGroup = A0000032 /* Products */;
			projectDirPath = "";
			projectRoot = "";
			targets = (
				A0000040 /* Scrollsmith */,
				CE2D7A632F205D97004CCAEF /* ScrollsmithShare */,
			);
		};
/* End PBXProject section */

/* Begin PBXResourcesBuildPhase section */
		A0000043 /* Resources */ = {
			isa = PBXResourcesBuildPhase;
			buildActionMask = 2147483647;
			files = (
				A0000003 /* Assets.xcassets in Resources */,
			);
			runOnlyForDeploymentPostprocessing = 0;
		};
		CE2D7A622F205D97004CCAEF /* Resources */ = {
			isa = PBXResourcesBuildPhase;
			buildActionMask = 2147483647;
			files = (
				CE2D7A6A2F205D99004CCAEF /* MainInterface.storyboard in Resources */,
			);
			runOnlyForDeploymentPostprocessing = 0;
		};
/* End PBXResourcesBuildPhase section */

/* Begin PBXSourcesBuildPhase section */
		A0000042 /* Sources */ = {
			isa = PBXSourcesBuildPhase;
			buildActionMask = 2147483647;
			files = (
				CE2D7A802F206664004CCAEF /* ThumbnailService.swift in Sources */,
				A0000002 /* ContentView.swift in Sources */,
				CE2D7AB92F206FCB004CCAEF /* AuthContainerView.swift in Sources */,
				CE2D7A832F206664004CCAEF /* VideoURLValidator.swift in Sources */,
				CE2D7A872F206A9B004CCAEF /* AuthTokens.swift in Sources */,
				CE2D7A812F206664004CCAEF /* UploadQueueService.swift in Sources */,
				A0000001 /* ScrollsmithApp.swift in Sources */,
				CE2D7A782F20661A004CCAEF /* PendingUpload.swift in Sources */,
				CE2D7ABC2F206FCB004CCAEF /* ForgotPasswordView.swift in Sources */,
				CE2D7ABD2F206FCB004CCAEF /* RegisterView.swift in Sources */,
				CE2D7AB82F206FCB004CCAEF /* CaptureView.swift in Sources */,
				CE2D7A8C2F206ABD004CCAEF /* AuthService.swift in Sources */,
				CE2D7A7F2F206664004CCAEF /* VideoFileManager.swift in Sources */,
				CE2D7A862F206A9B004CCAEF /* UserResponse.swift in Sources */,
				CE2D7AB62F206FCB004CCAEF /* UploadProgressView.swift in Sources */,
				A0000004 /* User.swift in Sources */,
				CE2D7A8D2F206ABD004CCAEF /* KeychainService.swift in Sources */,
				CE2D7A772F20661A004CCAEF /* MovieTransferable.swift in Sources */,
				CE2D7ABB2F206FCB004CCAEF /* AppleSignInButton.swift in Sources */,
				CE2D7A822F206664004CCAEF /* SharedModelContainer.swift in Sources */,
				CE2D7A912F206B44004CCAEF /* ShareExtensionView.swift in Sources */,
				CE2D7A792F20661A004CCAEF /* VideoSource.swift in Sources */,
				CE2D7AB52F206FCB004CCAEF /* VideoPreviewCard.swift in Sources */,
				A0000005 /* Video.swift in Sources */,
				CE2D7A8B2F206ABD004CCAEF /* AppleSignInService.swift in Sources */,
				CE2D7AB22F206FCB004CCAEF /* MainTabView.swift in Sources */,
				A0000006 /* Habit.swift in Sources */,
				CE2D7AB12F206FCB004CCAEF /* AuthViewModel.swift in Sources */,
				CE2D7AB72F206FCB004CCAEF /* VideoPickerView.swift in Sources */,
				A0000007 /* Playbook.swift in Sources */,
				CE2D7AB32F206FCB004CCAEF /* URLInputView.swift in Sources */,
				A0000008 /* APIClient.swift in Sources */,
				A000001A /* SummaryModels.swift in Sources */,
				CE2D7ABA2F206FCB004CCAEF /* LoginView.swift in Sources */,
				CE2D7AB42F206FCB004CCAEF /* VideoConfirmationSheet.swift in Sources */,
				A0000009 /* HealthResponse.swift in Sources */,
			);
			runOnlyForDeploymentPostprocessing = 0;
		};
		CE2D7A602F205D97004CCAEF /* Sources */ = {
			isa = PBXSourcesBuildPhase;
			buildActionMask = 2147483647;
			files = (
				CE2D7AC12F2073B1004CCAEF /* SharedModelContainer.swift in Sources */,
				CE2D7ABF2F2072D4004CCAEF /* ShareViewController.swift in Sources */,
				CE2D7AC32F2073C7004CCAEF /* PendingUpload.swift in Sources */,
				CE2D7A922F206B71004CCAEF /* ShareExtensionView.swift in Sources */,
				CE2D7AC22F2073C2004CCAEF /* VideoSource.swift in Sources */,
				CE2D7AC02F2073A3004CCAEF /* VideoURLValidator.swift in Sources */,
			);
			runOnlyForDeploymentPostprocessing = 0;
		};
/* End PBXSourcesBuildPhase section */

/* Begin PBXTargetDependency section */
		CE2D7A6D2F205D99004CCAEF /* PBXTargetDependency */ = {
			isa = PBXTargetDependency;
			target = CE2D7A632F205D97004CCAEF /* ScrollsmithShare */;
			targetProxy = CE2D7A6C2F205D99004CCAEF /* PBXContainerItemProxy */;
		};
/* End PBXTargetDependency section */

/* Begin PBXVariantGroup section */
		CE2D7A682F205D99004CCAEF /* MainInterface.storyboard */ = {
			isa = PBXVariantGroup;
			children = (
				CE2D7A692F205D99004CCAEF /* Base */,
			);
			name = MainInterface.storyboard;
			sourceTree = "<group>";
		};
/* End PBXVariantGroup section */

/* Begin XCBuildConfiguration section */
		A0000060 /* Debug */ = {
			isa = XCBuildConfiguration;
			buildSettings = {
				ALWAYS_SEARCH_USER_PATHS = NO;
				ASSETCATALOG_COMPILER_GENERATE_SWIFT_ASSET_SYMBOL_EXTENSIONS = YES;
				CLANG_ANALYZER_NONNULL = YES;
				CLANG_ANALYZER_NUMBER_OBJECT_CONVERSION = YES_AGGRESSIVE;
				CLANG_CXX_LANGUAGE_STANDARD = "gnu++20";
				CLANG_ENABLE_MODULES = YES;
				CLANG_ENABLE_OBJC_ARC = YES;
				CLANG_ENABLE_OBJC_WEAK = YES;
				CLANG_WARN_BLOCK_CAPTURE_AUTORELEASING = YES;
				CLANG_WARN_BOOL_CONVERSION = YES;
				CLANG_WARN_COMMA = YES;
				CLANG_WARN_CONSTANT_CONVERSION = YES;
				CLANG_WARN_DEPRECATED_OBJC_IMPLEMENTATIONS = YES;
				CLANG_WARN_DIRECT_OBJC_ISA_USAGE = YES_ERROR;
				CLANG_WARN_DOCUMENTATION_COMMENTS = YES;
				CLANG_WARN_EMPTY_BODY = YES;
				CLANG_WARN_ENUM_CONVERSION = YES;
				CLANG_WARN_INFINITE_RECURSION = YES;
				CLANG_WARN_INT_CONVERSION = YES;
				CLANG_WARN_NON_LITERAL_NULL_CONVERSION = YES;
				CLANG_WARN_OBJC_IMPLICIT_RETAIN_SELF = YES;
				CLANG_WARN_OBJC_LITERAL_CONVERSION = YES;
				CLANG_WARN_OBJC_ROOT_CLASS = YES_ERROR;
				CLANG_WARN_QUOTED_INCLUDE_IN_FRAMEWORK_HEADER = YES;
				CLANG_WARN_RANGE_LOOP_ANALYSIS = YES;
				CLANG_WARN_STRICT_PROTOTYPES = YES;
				CLANG_WARN_SUSPICIOUS_MOVE = YES;
				CLANG_WARN_UNGUARDED_AVAILABILITY = YES_AGGRESSIVE;
				CLANG_WARN_UNREACHABLE_CODE = YES;
				CLANG_WARN__DUPLICATE_METHOD_MATCH = YES;
				COPY_PHASE_STRIP = NO;
				DEBUG_INFORMATION_FORMAT = dwarf;
				ENABLE_STRICT_OBJC_MSGSEND = YES;
				ENABLE_TESTABILITY = YES;
				ENABLE_USER_SCRIPT_SANDBOXING = YES;
				GCC_C_LANGUAGE_STANDARD = gnu17;
				GCC_DYNAMIC_NO_PIC = NO;
				GCC_NO_COMMON_BLOCKS = YES;
				GCC_OPTIMIZATION_LEVEL = 0;
				GCC_PREPROCESSOR_DEFINITIONS = (
					"DEBUG=1",
					"$(inherited)",
				);
				GCC_WARN_64_TO_32_BIT_CONVERSION = YES;
				GCC_WARN_ABOUT_RETURN_TYPE = YES_ERROR;
				GCC_WARN_UNDECLARED_SELECTOR = YES;
				GCC_WARN_UNINITIALIZED_AUTOS = YES_AGGRESSIVE;
				GCC_WARN_UNUSED_FUNCTION = YES;
				GCC_WARN_UNUSED_VARIABLE = YES;
				IPHONEOS_DEPLOYMENT_TARGET = 17.0;
				LOCALIZATION_PREFERS_STRING_CATALOGS = YES;
				MTL_ENABLE_DEBUG_INFO = INCLUDE_SOURCE;
				MTL_FAST_MATH = YES;
				ONLY_ACTIVE_ARCH = YES;
				SDKROOT = iphoneos;
				SWIFT_ACTIVE_COMPILATION_CONDITIONS = "DEBUG $(inherited)";
				SWIFT_OPTIMIZATION_LEVEL = "-Onone";
			};
			name = Debug;
		};
		A0000061 /* Release */ = {
			isa = XCBuildConfiguration;
			buildSettings = {
				ALWAYS_SEARCH_USER_PATHS = NO;
				ASSETCATALOG_COMPILER_GENERATE_SWIFT_ASSET_SYMBOL_EXTENSIONS = YES;
				CLANG_ANALYZER_NONNULL = YES;
				CLANG_ANALYZER_NUMBER_OBJECT_CONVERSION = YES_AGGRESSIVE;
				CLANG_CXX_LANGUAGE_STANDARD = "gnu++20";
				CLANG_ENABLE_MODULES = YES;
				CLANG_ENABLE_OBJC_ARC = YES;
				CLANG_ENABLE_OBJC_WEAK = YES;
				CLANG_WARN_BLOCK_CAPTURE_AUTORELEASING = YES;
				CLANG_WARN_BOOL_CONVERSION = YES;
				CLANG_WARN_COMMA = YES;
				CLANG_WARN_CONSTANT_CONVERSION = YES;
				CLANG_WARN_DEPRECATED_OBJC_IMPLEMENTATIONS = YES;
				CLANG_WARN_DIRECT_OBJC_ISA_USAGE = YES_ERROR;
				CLANG_WARN_DOCUMENTATION_COMMENTS = YES;
				CLANG_WARN_EMPTY_BODY = YES;
				CLANG_WARN_ENUM_CONVERSION = YES;
				CLANG_WARN_INFINITE_RECURSION = YES;
				CLANG_WARN_INT_CONVERSION = YES;
				CLANG_WARN_NON_LITERAL_NULL_CONVERSION = YES;
				CLANG_WARN_OBJC_IMPLICIT_RETAIN_SELF = YES;
				CLANG_WARN_OBJC_LITERAL_CONVERSION = YES;
				CLANG_WARN_OBJC_ROOT_CLASS = YES_ERROR;
				CLANG_WARN_QUOTED_INCLUDE_IN_FRAMEWORK_HEADER = YES;
				CLANG_WARN_RANGE_LOOP_ANALYSIS = YES;
				CLANG_WARN_STRICT_PROTOTYPES = YES;
				CLANG_WARN_SUSPICIOUS_MOVE = YES;
				CLANG_WARN_UNGUARDED_AVAILABILITY = YES_AGGRESSIVE;
				CLANG_WARN_UNREACHABLE_CODE = YES;
				CLANG_WARN__DUPLICATE_METHOD_MATCH = YES;
				COPY_PHASE_STRIP = NO;
				DEBUG_INFORMATION_FORMAT = "dwarf-with-dsym";
				ENABLE_NS_ASSERTIONS = NO;
				ENABLE_STRICT_OBJC_MSGSEND = YES;
				ENABLE_USER_SCRIPT_SANDBOXING = YES;
				GCC_C_LANGUAGE_STANDARD = gnu17;
				GCC_NO_COMMON_BLOCKS = YES;
				GCC_WARN_64_TO_32_BIT_CONVERSION = YES;
				GCC_WARN_ABOUT_RETURN_TYPE = YES_ERROR;
				GCC_WARN_UNDECLARED_SELECTOR = YES;
				GCC_WARN_UNINITIALIZED_AUTOS = YES_AGGRESSIVE;
				GCC_WARN_UNUSED_FUNCTION = YES;
				GCC_WARN_UNUSED_VARIABLE = YES;
				IPHONEOS_DEPLOYMENT_TARGET = 17.0;
				LOCALIZATION_PREFERS_STRING_CATALOGS = YES;
				MTL_ENABLE_DEBUG_INFO = NO;
				MTL_FAST_MATH = YES;
				SDKROOT = iphoneos;
				SWIFT_COMPILATION_MODE = wholemodule;
				VALIDATE_PRODUCT = YES;
			};
			name = Release;
		};
		A0000062 /* Debug */ = {
			isa = XCBuildConfiguration;
			buildSettings = {
				ALWAYS_EMBED_SWIFT_STANDARD_LIBRARIES = YES;
				ASSETCATALOG_COMPILER_APPICON_NAME = AppIcon;
				ASSETCATALOG_COMPILER_GLOBAL_ACCENT_COLOR_NAME = AccentColor;
				CODE_SIGN_ENTITLEMENTS = Scrollsmith/Scrollsmith.entitlements;
				CODE_SIGN_STYLE = Automatic;
				CURRENT_PROJECT_VERSION = 1;
				DEVELOPMENT_ASSET_PATHS = "";
				DEVELOPMENT_TEAM = 69W5W255G7;
				ENABLE_PREVIEWS = YES;
				GENERATE_INFOPLIST_FILE = YES;
				INFOPLIST_KEY_UIApplicationSceneManifest_Generation = YES;
				INFOPLIST_KEY_UIApplicationSupportsIndirectInputEvents = YES;
				INFOPLIST_KEY_UILaunchScreen_Generation = YES;
				INFOPLIST_KEY_UISupportedInterfaceOrientations = "UIInterfaceOrientationPortrait UIInterfaceOrientationLandscapeLeft UIInterfaceOrientationLandscapeRight";
				INFOPLIST_KEY_UISupportedInterfaceOrientations_iPad = "UIInterfaceOrientationPortrait UIInterfaceOrientationPortraitUpsideDown UIInterfaceOrientationLandscapeLeft UIInterfaceOrientationLandscapeRight";
				INFOPLIST_KEY_UISupportedInterfaceOrientations_iPhone = "UIInterfaceOrientationPortrait UIInterfaceOrientationLandscapeLeft UIInterfaceOrientationLandscapeRight";
				IPHONEOS_DEPLOYMENT_TARGET = 17.0;
				LD_RUNPATH_SEARCH_PATHS = (
					"$(inherited)",
					"@executable_path/Frameworks",
				);
				MARKETING_VERSION = 1.0;
				PRODUCT_BUNDLE_IDENTIFIER = com.scrollsmith.Scrollsmith;
				PRODUCT_NAME = "$(TARGET_NAME)";
				SWIFT_EMIT_LOC_STRINGS = YES;
				SWIFT_VERSION = 5.0;
				TARGETED_DEVICE_FAMILY = "1,2";
			};
			name = Debug;
		};
		A0000063 /* Release */ = {
			isa = XCBuildConfiguration;
			buildSettings = {
				ALWAYS_EMBED_SWIFT_STANDARD_LIBRARIES = YES;
				ASSETCATALOG_COMPILER_APPICON_NAME = AppIcon;
				ASSETCATALOG_COMPILER_GLOBAL_ACCENT_COLOR_NAME = AccentColor;
				CODE_SIGN_ENTITLEMENTS = Scrollsmith/Scrollsmith.entitlements;
				CODE_SIGN_STYLE = Automatic;
				CURRENT_PROJECT_VERSION = 1;
				DEVELOPMENT_ASSET_PATHS = "";
				DEVELOPMENT_TEAM = 69W5W255G7;
				ENABLE_PREVIEWS = YES;
				GENERATE_INFOPLIST_FILE = YES;
				INFOPLIST_KEY_UIApplicationSceneManifest_Generation = YES;
				INFOPLIST_KEY_UIApplicationSupportsIndirectInputEvents = YES;
				INFOPLIST_KEY_UILaunchScreen_Generation = YES;
				INFOPLIST_KEY_UISupportedInterfaceOrientations = "UIInterfaceOrientationPortrait UIInterfaceOrientationLandscapeLeft UIInterfaceOrientationLandscapeRight";
				INFOPLIST_KEY_UISupportedInterfaceOrientations_iPad = "UIInterfaceOrientationPortrait UIInterfaceOrientationPortraitUpsideDown UIInterfaceOrientationLandscapeLeft UIInterfaceOrientationLandscapeRight";
				INFOPLIST_KEY_UISupportedInterfaceOrientations_iPhone = "UIInterfaceOrientationPortrait UIInterfaceOrientationLandscapeLeft UIInterfaceOrientationLandscapeRight";
				IPHONEOS_DEPLOYMENT_TARGET = 17.0;
				LD_RUNPATH_SEARCH_PATHS = (
					"$(inherited)",
					"@executable_path/Frameworks",
				);
				MARKETING_VERSION = 1.0;
				PRODUCT_BUNDLE_IDENTIFIER = com.scrollsmith.Scrollsmith;
				PRODUCT_NAME = "$(TARGET_NAME)";
				SWIFT_EMIT_LOC_STRINGS = YES;
				SWIFT_VERSION = 5.0;
				TARGETED_DEVICE_FAMILY = "1,2";
			};
			name = Release;
		};
		CE2D7A702F205D99004CCAEF /* Debug */ = {
			isa = XCBuildConfiguration;
			buildSettings = {
				CODE_SIGN_ENTITLEMENTS = ScrollsmithShare/ScrollsmithShare.entitlements;
				CODE_SIGN_STYLE = Automatic;
				CURRENT_PROJECT_VERSION = 1;
				DEVELOPMENT_TEAM = 69W5W255G7;
				GENERATE_INFOPLIST_FILE = YES;
				INFOPLIST_FILE = ScrollsmithShare/Info.plist;
				INFOPLIST_KEY_CFBundleDisplayName = ScrollsmithShare;
				INFOPLIST_KEY_NSHumanReadableCopyright = "";
				IPHONEOS_DEPLOYMENT_TARGET = 17.2;
				LD_RUNPATH_SEARCH_PATHS = (
					"$(inherited)",
					"@executable_path/Frameworks",
					"@executable_path/../../Frameworks",
				);
				MARKETING_VERSION = 1.0;
				PRODUCT_BUNDLE_IDENTIFIER = com.scrollsmith.Scrollsmith.ScrollsmithShare;
				PRODUCT_NAME = "$(TARGET_NAME)";
				SKIP_INSTALL = YES;
				SWIFT_EMIT_LOC_STRINGS = YES;
				SWIFT_VERSION = 5.0;
				TARGETED_DEVICE_FAMILY = "1,2";
			};
			name = Debug;
		};
		CE2D7A712F205D99004CCAEF /* Release */ = {
			isa = XCBuildConfiguration;
			buildSettings = {
				CODE_SIGN_ENTITLEMENTS = ScrollsmithShare/ScrollsmithShare.entitlements;
				CODE_SIGN_STYLE = Automatic;
				CURRENT_PROJECT_VERSION = 1;
				DEVELOPMENT_TEAM = 69W5W255G7;
				GENERATE_INFOPLIST_FILE = YES;
				INFOPLIST_FILE = ScrollsmithShare/Info.plist;
				INFOPLIST_KEY_CFBundleDisplayName = ScrollsmithShare;
				INFOPLIST_KEY_NSHumanReadableCopyright = "";
				IPHONEOS_DEPLOYMENT_TARGET = 17.2;
				LD_RUNPATH_SEARCH_PATHS = (
					"$(inherited)",
					"@executable_path/Frameworks",
					"@executable_path/../../Frameworks",
				);
				MARKETING_VERSION = 1.0;
				PRODUCT_BUNDLE_IDENTIFIER = com.scrollsmith.Scrollsmith.ScrollsmithShare;
				PRODUCT_NAME = "$(TARGET_NAME)";
				SKIP_INSTALL = YES;
				SWIFT_EMIT_LOC_STRINGS = YES;
				SWIFT_VERSION = 5.0;
				TARGETED_DEVICE_FAMILY = "1,2";
			};
			name = Release;
		};
/* End XCBuildConfiguration section */

/* Begin XCConfigurationList section */
		A0000041 /* Build configuration list for PBXNativeTarget "Scrollsmith" */ = {
			isa = XCConfigurationList;
			buildConfigurations = (
				A0000062 /* Debug */,
				A0000063 /* Release */,
			);
			defaultConfigurationIsVisible = 0;
			defaultConfigurationName = Release;
		};
		A0000051 /* Build configuration list for PBXProject "Scrollsmith" */ = {
			isa = XCConfigurationList;
			buildConfigurations = (
				A0000060 /* Debug */,
				A0000061 /* Release */,
			);
			defaultConfigurationIsVisible = 0;
			defaultConfigurationName = Release;
		};
		CE2D7A6F2F205D99004CCAEF /* Build configuration list for PBXNativeTarget "ScrollsmithShare" */ = {
			isa = XCConfigurationList;
			buildConfigurations = (
				CE2D7A702F205D99004CCAEF /* Debug */,
				CE2D7A712F205D99004CCAEF /* Release */,
			);
			defaultConfigurationIsVisible = 0;
			defaultConfigurationName = Release;
		};
/* End XCConfigurationList section */
	};
	rootObject = A0000050 /* Project object */;
}
